
Microsoft Visual Studio Solution File, Format Version 12.00
# Visual Studio Version 17
VisualStudioVersion = 17.0.31903.59
MinimumVisualStudioVersion = 10.0.40219.1
Project("{2150E333-8FDC-42A3-9474-1A3956D46DE8}") = "src", "src", "{827E0CD3-B72D-47B6-A68D-7590B98EB39B}"
EndProject
Project("{2150E333-8FDC-42A3-9474-1A3956D46DE8}") = "plugin", "plugin", "{929F124D-F5B6-96AB-3C6D-F318CFCA9EDA}"
EndProject
Project("{FAE04EC0-301F-11D3-BF4B-00C04F79EFBC}") = "Community.PowerToys.Run.Plugin.HowLongToBeat", "src\plugin\Community.PowerToys.Run.Plugin.HowLongToBeat\Community.PowerToys.Run.Plugin.HowLongToBeat.csproj", "{6ECC338B-0139-469E-BDA3-EE12DE9778DA}"
EndProject
Project("{2150E333-8FDC-42A3-9474-1A3956D46DE8}") = "tests", "tests", "{0AB3BF05-4346-4AA6-1389-037BE0695223}"
EndProject
Project("{2150E333-8FDC-42A3-9474-1A3956D46DE8}") = "plugin", "plugin", "{C7C0FD60-8E80-5754-B448-049A2B64DC6B}"
EndProject
Project("{FAE04EC0-301F-11D3-BF4B-00C04F79EFBC}") = "Community.PowerToys.Run.Plugin.HowLongToBeat.UnitTests", "tests\plugin\Community.PowerToys.Run.Plugin.HowLongToBeat.UnitTests\Community.PowerToys.Run.Plugin.HowLongToBeat.UnitTests.csproj", "{2247DAD4-6B78-4EEB-A397-A8A6DA35BC5C}"
EndProject
Global
	GlobalSection(SolutionConfigurationPlatforms) = preSolution
		Debug|x64 = Debug|x64
		Release|x64 = Release|x64
	EndGlobalSection
	GlobalSection(ProjectConfigurationPlatforms) = postSolution
		{6ECC338B-0139-469E-BDA3-EE12DE9778DA}.Debug|Any CPU.ActiveCfg = Debug|x64
		{6ECC338B-0139-469E-BDA3-EE12DE9778DA}.Debug|Any CPU.Build.0 = Debug|x64
		{6ECC338B-0139-469E-BDA3-EE12DE9778DA}.Debug|x64.ActiveCfg = Debug|x64
		{6ECC338B-0139-469E-BDA3-EE12DE9778DA}.Debug|x64.Build.0 = Debug|x64
		{6ECC338B-0139-469E-BDA3-EE12DE9778DA}.Debug|x86.ActiveCfg = Debug|x64
		{6ECC338B-0139-469E-BDA3-EE12DE9778DA}.Debug|x86.Build.0 = Debug|x64
		{6ECC338B-0139-469E-BDA3-EE12DE9778DA}.Release|Any CPU.ActiveCfg = Release|x64
		{6ECC338B-0139-469E-BDA3-EE12DE9778DA}.Release|Any CPU.Build.0 = Release|x64
		{6ECC338B-0139-469E-BDA3-EE12DE9778DA}.Release|x64.ActiveCfg = Release|x64
		{6ECC338B-0139-469E-BDA3-EE12DE9778DA}.Release|x64.Build.0 = Release|x64
		{6ECC338B-0139-469E-BDA3-EE12DE9778DA}.Release|x86.ActiveCfg = Release|x64
		{6ECC338B-0139-469E-BDA3-EE12DE9778DA}.Release|x86.Build.0 = Release|x64
		{2247DAD4-6B78-4EEB-A397-A8A6DA35BC5C}.Debug|Any CPU.ActiveCfg = Debug|x64
		{2247DAD4-6B78-4EEB-A397-A8A6DA35BC5C}.Debug|Any CPU.Build.0 = Debug|x64
		{2247DAD4-6B78-4EEB-A397-A8A6DA35BC5C}.Debug|x64.ActiveCfg = Debug|x64
		{2247DAD4-6B78-4EEB-A397-A8A6DA35BC5C}.Debug|x64.Build.0 = Debug|x64
		{2247DAD4-6B78-4EEB-A397-A8A6DA35BC5C}.Debug|x86.ActiveCfg = Debug|x64
		{2247DAD4-6B78-4EEB-A397-A8A6DA35BC5C}.Debug|x86.Build.0 = Debug|x64
		{2247DAD4-6B78-4EEB-A397-A8A6DA35BC5C}.Release|Any CPU.ActiveCfg = Release|x64
		{2247DAD4-6B78-4EEB-A397-A8A6DA35BC5C}.Release|Any CPU.Build.0 = Release|x64
		{2247DAD4-6B78-4EEB-A397-A8A6DA35BC5C}.Release|x64.ActiveCfg = Release|x64
		{2247DAD4-6B78-4EEB-A397-A8A6DA35BC5C}.Release|x64.Build.0 = Release|x64
		{2247DAD4-6B78-4EEB-A397-A8A6DA35BC5C}.Release|x86.ActiveCfg = Release|x64
		{2247DAD4-6B78-4EEB-A397-A8A6DA35BC5C}.Release|x86.Build.0 = Release|x64
	EndGlobalSection
	GlobalSection(SolutionProperties) = preSolution
		HideSolutionNode = FALSE
	EndGlobalSection
	GlobalSection(NestedProjects) = preSolution
		{929F124D-F5B6-96AB-3C6D-F318CFCA9EDA} = {827E0CD3-B72D-47B6-A68D-7590B98EB39B}
		{6ECC338B-0139-469E-BDA3-EE12DE9778DA} = {929F124D-F5B6-96AB-3C6D-F318CFCA9EDA}
		{C7C0FD60-8E80-5754-B448-049A2B64DC6B} = {0AB3BF05-4346-4AA6-1389-037BE0695223}
		{2247DAD4-6B78-4EEB-A397-A8A6DA35BC5C} = {C7C0FD60-8E80-5754-B448-049A2B64DC6B}
	EndGlobalSection
EndGlobal
